
Microsoft Visual Studio Solution File, Format Version 12.00
# Visual Studio Version 16
VisualStudioVersion = 16.0.31019.35
MinimumVisualStudioVersion = 10.0.40219.1
Project("{FAE04EC0-301F-11D3-BF4B-00C04F79EFBC}") = "TI_Practice5", "TI_Practice5.csproj", "{C887E930-8D39-47D6-ADF2-63E36D266412}"
EndProject
Global
	GlobalSection(SolutionConfigurationPlatforms) = preSolution
		Debug|Any CPU = Debug|Any CPU
		Release|Any CPU = Release|Any CPU
	EndGlobalSection
	GlobalSection(ProjectConfigurationPlatforms) = postSolution
		{C887E930-8D39-47D6-ADF2-63E36D266412}.Debug|Any CPU.ActiveCfg = Debug|Any CPU
		{C887E930-8D39-47D6-ADF2-63E36D266412}.Debug|Any CPU.Build.0 = Debug|Any CPU
		{C887E930-8D39-47D6-ADF2-63E36D266412}.Release|Any CPU.ActiveCfg = Release|Any CPU
		{C887E930-8D39-47D6-ADF2-63E36D266412}.Release|Any CPU.Build.0 = Release|Any CPU
	EndGlobalSection
	GlobalSection(SolutionProperties) = preSolution
		HideSolutionNode = FALSE
	EndGlobalSection
	GlobalSection(ExtensibilityGlobals) = postSolution
		SolutionGuid = {E7892C2D-FCDE-4270-BC56-C128C4BE709C}
	EndGlobalSection
EndGlobal
